
Microsoft Visual Studio Solution File, Format Version 12.00
# Visual Studio Version 17
VisualStudioVersion = 17.12.35707.178 d17.12
MinimumVisualStudioVersion = 10.0.40219.1
Project("{FAE04EC0-301F-11D3-BF4B-00C04F79EFBC}") = "forLearning_angular_Core.Server", "forLearning_angular_Core.Server\forLearning_angular_Core.Server.csproj", "{ADDB3797-36DD-4640-94C0-CAB750070987}"
EndProject
Project("{54A90642-561A-4BB1-A94E-469ADEE60C69}") = "forlearning_angular_core.client", "forlearning_angular_core.client\forlearning_angular_core.client.esproj", "{8ABA0A60-FCE7-4F0E-BEE3-5D7870B8F977}"
EndProject
Global
	GlobalSection(SolutionConfigurationPlatforms) = preSolution
		Debug|Any CPU = Debug|Any CPU
		Release|Any CPU = Release|Any CPU
	EndGlobalSection
	GlobalSection(ProjectConfigurationPlatforms) = postSolution
		{ADDB3797-36DD-4640-94C0-CAB750070987}.Debug|Any CPU.ActiveCfg = Debug|Any CPU
		{ADDB3797-36DD-4640-94C0-CAB750070987}.Debug|Any CPU.Build.0 = Debug|Any CPU
		{ADDB3797-36DD-4640-94C0-CAB750070987}.Release|Any CPU.ActiveCfg = Release|Any CPU
		{ADDB3797-36DD-4640-94C0-CAB750070987}.Release|Any CPU.Build.0 = Release|Any CPU
		{8ABA0A60-FCE7-4F0E-BEE3-5D7870B8F977}.Debug|Any CPU.ActiveCfg = Debug|Any CPU
		{8ABA0A60-FCE7-4F0E-BEE3-5D7870B8F977}.Debug|Any CPU.Build.0 = Debug|Any CPU
		{8ABA0A60-FCE7-4F0E-BEE3-5D7870B8F977}.Debug|Any CPU.Deploy.0 = Debug|Any CPU
		{8ABA0A60-FCE7-4F0E-BEE3-5D7870B8F977}.Release|Any CPU.ActiveCfg = Release|Any CPU
		{8ABA0A60-FCE7-4F0E-BEE3-5D7870B8F977}.Release|Any CPU.Build.0 = Release|Any CPU
		{8ABA0A60-FCE7-4F0E-BEE3-5D7870B8F977}.Release|Any CPU.Deploy.0 = Release|Any CPU
	EndGlobalSection
	GlobalSection(SolutionProperties) = preSolution
		HideSolutionNode = FALSE
	EndGlobalSection
EndGlobal
